
Microsoft Visual Studio Solution File, Format Version 12.00
# Visual Studio Version 17
VisualStudioVersion = 17.0.31903.59
MinimumVisualStudioVersion = 10.0.40219.1
Project("{FAE04EC0-301F-11D3-BF4B-00C04F79EFBC}") = "OpenIDE", "OpenIDE\OpenIDE.csproj", "{50FFA94B-2F06-4335-9804-D839456D84BD}"
EndProject
Project("{FAE04EC0-301F-11D3-BF4B-00C04F79EFBC}") = "TestCmdlet", "TestCmdlet\TestCmdlet.csproj", "{21F2452D-D350-4D6F-BFEB-A336190C11EC}"
EndProject
Global
	GlobalSection(SolutionConfigurationPlatforms) = preSolution
		Debug|Any CPU = Debug|Any CPU
		Release|Any CPU = Release|Any CPU
	EndGlobalSection
	GlobalSection(SolutionProperties) = preSolution
		HideSolutionNode = FALSE
	EndGlobalSection
	GlobalSection(ProjectConfigurationPlatforms) = postSolution
		{50FFA94B-2F06-4335-9804-D839456D84BD}.Debug|Any CPU.ActiveCfg = Debug|Any CPU
		{50FFA94B-2F06-4335-9804-D839456D84BD}.Debug|Any CPU.Build.0 = Debug|Any CPU
		{50FFA94B-2F06-4335-9804-D839456D84BD}.Release|Any CPU.ActiveCfg = Release|Any CPU
		{50FFA94B-2F06-4335-9804-D839456D84BD}.Release|Any CPU.Build.0 = Release|Any CPU
		{21F2452D-D350-4D6F-BFEB-A336190C11EC}.Debug|Any CPU.ActiveCfg = Debug|Any CPU
		{21F2452D-D350-4D6F-BFEB-A336190C11EC}.Debug|Any CPU.Build.0 = Debug|Any CPU
		{21F2452D-D350-4D6F-BFEB-A336190C11EC}.Release|Any CPU.ActiveCfg = Release|Any CPU
		{21F2452D-D350-4D6F-BFEB-A336190C11EC}.Release|Any CPU.Build.0 = Release|Any CPU
	EndGlobalSection
EndGlobal
